{
  "requires": true,
  "lockfileVersion": 1,
  "dependencies": {
    "@babel/runtime": {
      "version": "7.14.0",
      "resolved": "https://registry.npmjs.org/@babel/runtime/-/runtime-7.14.0.tgz",
      "integrity": "sha512-JELkvo/DlpNdJ7dlyw/eY7E0suy5i5GQH+Vlxaq1nsNJ+H7f4Vtv3jMeCEgRhZZQFXTjldYfQgv2qmM6M1v5wA==",
      "requires": {
        "regenerator-runtime": "^0.13.4"
      }
    },
    "@riophae/vue-treeselect": {
      "version": "0.4.0",
      "resolved": "https://registry.npmjs.org/@riophae/vue-treeselect/-/vue-treeselect-0.4.0.tgz",
      "integrity": "sha512-J4atYmBqXQmiPFK/0B5sXKjtnGc21mBJEiyKIDZwk0Q9XuynVFX6IJ4EpaLmUgL5Tve7HAS7wkiGGSti6Uaxcg==",
      "requires": {
        "@babel/runtime": "^7.3.1",
        "babel-helper-vue-jsx-merge-props": "^2.0.3",
        "easings-css": "^1.0.0",
        "fuzzysearch": "^1.0.3",
        "is-promise": "^2.1.0",
        "lodash": "^4.0.0",
        "material-colors": "^1.2.6",
        "watch-size": "^2.0.0"
      }
    },
    "babel-helper-vue-jsx-merge-props": {
      "version": "2.0.3",
      "resolved": "https://registry.npmjs.org/babel-helper-vue-jsx-merge-props/-/babel-helper-vue-jsx-merge-props-2.0.3.tgz",
      "integrity": "sha512-gsLiKK7Qrb7zYJNgiXKpXblxbV5ffSwR0f5whkPAaBAR4fhi6bwRZxX9wBlIc5M/v8CCkXUbXZL4N/nSE97cqg=="
    },
    "easings-css": {
      "version": "1.0.0",
      "resolved": "https://registry.npmjs.org/easings-css/-/easings-css-1.0.0.tgz",
      "integrity": "sha512-7Uq7NdazNfVtr0RNmPAys8it0zKCuaqxJStYKEl72D3j4gbvXhhaM7iWNbqhA4C94ygCye6VuyhzBRQC4szeBg=="
    },
    "fuzzysearch": {
      "version": "1.0.3",
      "resolved": "https://registry.npmjs.org/fuzzysearch/-/fuzzysearch-1.0.3.tgz",
      "integrity": "sha1-3/yA9tawQiPyImqnndGUIxCW0Ag="
    },
    "is-promise": {
      "version": "2.2.2",
      "resolved": "https://registry.npmjs.org/is-promise/-/is-promise-2.2.2.tgz",
      "integrity": "sha512-+lP4/6lKUBfQjZ2pdxThZvLUAafmZb8OAxFb8XXtiQmS35INgr85hdOGoEs124ez1FCnZJt6jau/T+alh58QFQ=="
    },
    "lodash": {
      "version": "4.17.21",
      "resolved": "https://registry.npmjs.org/lodash/-/lodash-4.17.21.tgz",
      "integrity": "sha512-v2kDEe57lecTulaDIuNTPy3Ry4gLGJ6Z1O3vE1krgXZNrsQ+LFTGHVxVjcXPs17LhbZVGedAJv8XZ1tvj5FvSg=="
    },
    "material-colors": {
      "version": "1.2.6",
      "resolved": "https://registry.npmjs.org/material-colors/-/material-colors-1.2.6.tgz",
      "integrity": "sha512-6qE4B9deFBIa9YSpOc9O0Sgc43zTeVYbgDT5veRKSlB2+ZuHNoVVxA1L/ckMUayV9Ay9y7Z/SZCLcGteW9i7bg=="
    },
    "regenerator-runtime": {
      "version": "0.13.7",
      "resolved": "https://registry.npmjs.org/regenerator-runtime/-/regenerator-runtime-0.13.7.tgz",
      "integrity": "sha512-a54FxoJDIr27pgf7IgeQGxmqUNYrcV338lf/6gH456HZ/PhX+5BcwHXG9ajESmwe6WRO0tAzRUrRmNONWgkrew=="
    },
    "watch-size": {
      "version": "2.0.0",
      "resolved": "https://registry.npmjs.org/watch-size/-/watch-size-2.0.0.tgz",
      "integrity": "sha512-M92R89dNoTPWyCD+HuUEDdhaDnh9jxPGOwlDc0u51jAgmjUvzqaEMynXSr3BaWs+QdHYk4KzibPy1TFtjLmOZQ=="
    }
  }
}
